
Microsoft Visual Studio Solution File, Format Version 12.00
# Visual Studio Version 16
VisualStudioVersion = 16.0.30621.155
MinimumVisualStudioVersion = 10.0.40219.1
Project("{FAE04EC0-301F-11D3-BF4B-00C04F79EFBC}") = "CabInvoiceGenerator", "CabInvoiceGenerator.csproj", "{31433B45-8932-41F0-A8EB-17DA7E6CD6D3}"
EndProject
Project("{FAE04EC0-301F-11D3-BF4B-00C04F79EFBC}") = "CabInvoiceGeneratorTest", "..\CabInvoiceGeneratorTest\CabInvoiceGeneratorTest.csproj", "{29CE3BD5-4260-4294-942B-43D6EDAD3425}"
EndProject
Global
	GlobalSection(SolutionConfigurationPlatforms) = preSolution
		Debug|Any CPU = Debug|Any CPU
		Release|Any CPU = Release|Any CPU
	EndGlobalSection
	GlobalSection(ProjectConfigurationPlatforms) = postSolution
		{31433B45-8932-41F0-A8EB-17DA7E6CD6D3}.Debug|Any CPU.ActiveCfg = Debug|Any CPU
		{31433B45-8932-41F0-A8EB-17DA7E6CD6D3}.Debug|Any CPU.Build.0 = Debug|Any CPU
		{31433B45-8932-41F0-A8EB-17DA7E6CD6D3}.Release|Any CPU.ActiveCfg = Release|Any CPU
		{31433B45-8932-41F0-A8EB-17DA7E6CD6D3}.Release|Any CPU.Build.0 = Release|Any CPU
		{29CE3BD5-4260-4294-942B-43D6EDAD3425}.Debug|Any CPU.ActiveCfg = Debug|Any CPU
		{29CE3BD5-4260-4294-942B-43D6EDAD3425}.Debug|Any CPU.Build.0 = Debug|Any CPU
		{29CE3BD5-4260-4294-942B-43D6EDAD3425}.Release|Any CPU.ActiveCfg = Release|Any CPU
		{29CE3BD5-4260-4294-942B-43D6EDAD3425}.Release|Any CPU.Build.0 = Release|Any CPU
	EndGlobalSection
	GlobalSection(SolutionProperties) = preSolution
		HideSolutionNode = FALSE
	EndGlobalSection
	GlobalSection(ExtensibilityGlobals) = postSolution
		SolutionGuid = {5033CF9B-C578-4D93-BF7F-52CC501621CF}
	EndGlobalSection
EndGlobal
